
Microsoft Visual Studio Solution File, Format Version 12.00
# Visual Studio Version 17
VisualStudioVersion = 17.14.36310.24
MinimumVisualStudioVersion = 10.0.40219.1
Project("{FAE04EC0-301F-11D3-BF4B-00C04F79EFBC}") = "Core", "Core\Core.csproj", "{D8B92F0A-8708-46B6-BAA6-B945D4314286}"
EndProject
Project("{FAE04EC0-301F-11D3-BF4B-00C04F79EFBC}") = "Infrastructure", "Infrastructure\Infrastructure.csproj", "{BD118A66-D6E4-4A72-8B57-C24624E54105}"
EndProject
Project("{FAE04EC0-301F-11D3-BF4B-00C04F79EFBC}") = "ClientAPI", "ClientAPI\ClientAPI.csproj", "{2C9BB3DC-AB5D-487A-80AB-FE94AFDEF297}"
EndProject
Project("{E53339B2-1760-4266-BCC7-CA923CBCF16C}") = "docker-compose", "docker-compose.dcproj", "{81DDED9D-158B-E303-5F62-77A2896D2A5A}"
EndProject
Global
	GlobalSection(SolutionConfigurationPlatforms) = preSolution
		Debug|Any CPU = Debug|Any CPU
		Release|Any CPU = Release|Any CPU
	EndGlobalSection
	GlobalSection(ProjectConfigurationPlatforms) = postSolution
		{D8B92F0A-8708-46B6-BAA6-B945D4314286}.Debug|Any CPU.ActiveCfg = Debug|Any CPU
		{D8B92F0A-8708-46B6-BAA6-B945D4314286}.Debug|Any CPU.Build.0 = Debug|Any CPU
		{D8B92F0A-8708-46B6-BAA6-B945D4314286}.Release|Any CPU.ActiveCfg = Release|Any CPU
		{D8B92F0A-8708-46B6-BAA6-B945D4314286}.Release|Any CPU.Build.0 = Release|Any CPU
		{BD118A66-D6E4-4A72-8B57-C24624E54105}.Debug|Any CPU.ActiveCfg = Debug|Any CPU
		{BD118A66-D6E4-4A72-8B57-C24624E54105}.Debug|Any CPU.Build.0 = Debug|Any CPU
		{BD118A66-D6E4-4A72-8B57-C24624E54105}.Release|Any CPU.ActiveCfg = Release|Any CPU
		{BD118A66-D6E4-4A72-8B57-C24624E54105}.Release|Any CPU.Build.0 = Release|Any CPU
		{2C9BB3DC-AB5D-487A-80AB-FE94AFDEF297}.Debug|Any CPU.ActiveCfg = Debug|Any CPU
		{2C9BB3DC-AB5D-487A-80AB-FE94AFDEF297}.Debug|Any CPU.Build.0 = Debug|Any CPU
		{2C9BB3DC-AB5D-487A-80AB-FE94AFDEF297}.Release|Any CPU.ActiveCfg = Release|Any CPU
		{2C9BB3DC-AB5D-487A-80AB-FE94AFDEF297}.Release|Any CPU.Build.0 = Release|Any CPU
		{81DDED9D-158B-E303-5F62-77A2896D2A5A}.Debug|Any CPU.ActiveCfg = Debug|Any CPU
		{81DDED9D-158B-E303-5F62-77A2896D2A5A}.Debug|Any CPU.Build.0 = Debug|Any CPU
		{81DDED9D-158B-E303-5F62-77A2896D2A5A}.Release|Any CPU.ActiveCfg = Release|Any CPU
		{81DDED9D-158B-E303-5F62-77A2896D2A5A}.Release|Any CPU.Build.0 = Release|Any CPU
	EndGlobalSection
	GlobalSection(SolutionProperties) = preSolution
		HideSolutionNode = FALSE
	EndGlobalSection
	GlobalSection(ExtensibilityGlobals) = postSolution
		SolutionGuid = {0BD7F1F8-E6B5-455D-8F23-24377329F161}
	EndGlobalSection
EndGlobal
